{
  "name": "ORM-with-database",
  "lockfileVersion": 3,
  "requires": true,
  "packages": {
    "": {
      "dependencies": {
        "react-router-dom": "^6.22.3"
      },
      "devDependencies": {
        "prisma": "^5.12.0"
      }
    },
    "node_modules/@prisma/debug": {
      "version": "5.12.0",
      "resolved": "https://registry.npmjs.org/@prisma/debug/-/debug-5.12.0.tgz",
      "integrity": "sha512-wK3fQLxPLMqf5riT5ZIhl8NffPSzFUwtzFX5CH7z/oI9Swmo9UhQlUgZABIVgdXSJ5OAlmRcDZtDKaMApIl8sg==",
      "dev": true
    },
    "node_modules/@prisma/engines": {
      "version": "5.12.0",
      "resolved": "https://registry.npmjs.org/@prisma/engines/-/engines-5.12.0.tgz",
      "integrity": "sha512-rFNRul9JGu0d3tf8etBgmDQ4NVoDwgGrRguvQOc8i+c6g7xPjRuu4aKzMMvHWUuccvRx5+fs1KMBxQ0x2THt+Q==",
      "dev": true,
      "hasInstallScript": true,
      "dependencies": {
        "@prisma/debug": "5.12.0",
        "@prisma/engines-version": "5.12.0-21.473ed3124229e22d881cb7addf559799debae1ab",
        "@prisma/fetch-engine": "5.12.0",
        "@prisma/get-platform": "5.12.0"
      }
    },
    "node_modules/@prisma/engines-version": {
      "version": "5.12.0-21.473ed3124229e22d881cb7addf559799debae1ab",
      "resolved": "https://registry.npmjs.org/@prisma/engines-version/-/engines-version-5.12.0-21.473ed3124229e22d881cb7addf559799debae1ab.tgz",
      "integrity": "sha512-6yvO8s80Tym61aB4QNtYZfWVmE3pwqe807jEtzm8C5VDe7nw8O1FGX3TXUaXmWV0fQTIAfRbeL2Gwrndabp/0g==",
      "dev": true
    },
    "node_modules/@prisma/fetch-engine": {
      "version": "5.12.0",
      "resolved": "https://registry.npmjs.org/@prisma/fetch-engine/-/fetch-engine-5.12.0.tgz",
      "integrity": "sha512-qkHQbZ1hspvOwcImvqY4yj7+FUlw0+uP+6tu3g24V4ULHOXLLkvr5ZZc6vy26OF0hkbD3kcDJCeutFis3poKgg==",
      "dev": true,
      "dependencies": {
        "@prisma/debug": "5.12.0",
        "@prisma/engines-version": "5.12.0-21.473ed3124229e22d881cb7addf559799debae1ab",
        "@prisma/get-platform": "5.12.0"
      }
    },
    "node_modules/@prisma/get-platform": {
      "version": "5.12.0",
      "resolved": "https://registry.npmjs.org/@prisma/get-platform/-/get-platform-5.12.0.tgz",
      "integrity": "sha512-81Ptv9YJnwTArEBPQ2Lvu58sZPxy4OixKxVVgysFan6A3bFP7q8gIg15WTjsRuH4WXh6B667EM9sqoMTNu0fLQ==",
      "dev": true,
      "dependencies": {
        "@prisma/debug": "5.12.0"
      }
    },
    "node_modules/@remix-run/router": {
      "version": "1.15.3",
      "resolved": "https://registry.npmjs.org/@remix-run/router/-/router-1.15.3.tgz",
      "integrity": "sha512-Oy8rmScVrVxWZVOpEF57ovlnhpZ8CCPlnIIumVcV9nFdiSIrus99+Lw78ekXyGvVDlIsFJbSfmSovJUhCWYV3w==",
      "engines": {
        "node": ">=14.0.0"
      }
    },
    "node_modules/js-tokens": {
      "version": "4.0.0",
      "resolved": "https://registry.npmjs.org/js-tokens/-/js-tokens-4.0.0.tgz",
      "integrity": "sha512-RdJUflcE3cUzKiMqQgsCu06FPu9UdIJO0beYbPhHN4k6apgJtifcoCtT9bcxOpYBtpD2kCM6Sbzg4CausW/PKQ==",
      "peer": true
    },
    "node_modules/loose-envify": {
      "version": "1.4.0",
      "resolved": "https://registry.npmjs.org/loose-envify/-/loose-envify-1.4.0.tgz",
      "integrity": "sha512-lyuxPGr/Wfhrlem2CL/UcnUc1zcqKAImBDzukY7Y5F/yQiNdko6+fRLevlw1HgMySw7f611UIY408EtxRSoK3Q==",
      "peer": true,
      "dependencies": {
        "js-tokens": "^3.0.0 || ^4.0.0"
      },
      "bin": {
        "loose-envify": "cli.js"
      }
    },
    "node_modules/prisma": {
      "version": "5.12.0",
      "resolved": "https://registry.npmjs.org/prisma/-/prisma-5.12.0.tgz",
      "integrity": "sha512-zxw4WSIvpsyNbpv8r7Fxgm7nwTFVmD6wbN6VuH13lClOceSANDOMl4jO3oxE6VzhjxmnEJqOGZjON2T2UpmLag==",
      "dev": true,
      "hasInstallScript": true,
      "dependencies": {
        "@prisma/engines": "5.12.0"
      },
      "bin": {
        "prisma": "build/index.js"
      },
      "engines": {
        "node": ">=16.13"
      }
    },
    "node_modules/react": {
      "version": "18.2.0",
      "resolved": "https://registry.npmjs.org/react/-/react-18.2.0.tgz",
      "integrity": "sha512-/3IjMdb2L9QbBdWiW5e3P2/npwMBaU9mHCSCUzNln0ZCYbcfTsGbTJrU/kGemdH2IWmB2ioZ+zkxtmq6g09fGQ==",
      "peer": true,
      "dependencies": {
        "loose-envify": "^1.1.0"
      },
      "engines": {
        "node": ">=0.10.0"
      }
    },
    "node_modules/react-dom": {
      "version": "18.2.0",
      "resolved": "https://registry.npmjs.org/react-dom/-/react-dom-18.2.0.tgz",
      "integrity": "sha512-6IMTriUmvsjHUjNtEDudZfuDQUoWXVxKHhlEGSk81n4YFS+r/Kl99wXiwlVXtPBtJenozv2P+hxDsw9eA7Xo6g==",
      "peer": true,
      "dependencies": {
        "loose-envify": "^1.1.0",
        "scheduler": "^0.23.0"
      },
      "peerDependencies": {
        "react": "^18.2.0"
      }
    },
    "node_modules/react-router": {
      "version": "6.22.3",
      "resolved": "https://registry.npmjs.org/react-router/-/react-router-6.22.3.tgz",
      "integrity": "sha512-dr2eb3Mj5zK2YISHK++foM9w4eBnO23eKnZEDs7c880P6oKbrjz/Svg9+nxqtHQK+oMW4OtjZca0RqPglXxguQ==",
      "dependencies": {
        "@remix-run/router": "1.15.3"
      },
      "engines": {
        "node": ">=14.0.0"
      },
      "peerDependencies": {
        "react": ">=16.8"
      }
    },
    "node_modules/react-router-dom": {
      "version": "6.22.3",
      "resolved": "https://registry.npmjs.org/react-router-dom/-/react-router-dom-6.22.3.tgz",
      "integrity": "sha512-7ZILI7HjcE+p31oQvwbokjk6OA/bnFxrhJ19n82Ex9Ph8fNAq+Hm/7KchpMGlTgWhUxRHMMCut+vEtNpWpowKw==",
      "dependencies": {
        "@remix-run/router": "1.15.3",
        "react-router": "6.22.3"
      },
      "engines": {
        "node": ">=14.0.0"
      },
      "peerDependencies": {
        "react": ">=16.8",
        "react-dom": ">=16.8"
      }
    },
    "node_modules/scheduler": {
      "version": "0.23.0",
      "resolved": "https://registry.npmjs.org/scheduler/-/scheduler-0.23.0.tgz",
      "integrity": "sha512-CtuThmgHNg7zIZWAXi3AsyIzA3n4xx7aNyjwC2VJldO2LMVDhFK+63xGqq6CsJH4rTAt6/M+N4GhZiDYPx9eUw==",
      "peer": true,
      "dependencies": {
        "loose-envify": "^1.1.0"
      }
    }
  }
}
